
Microsoft Visual Studio Solution File, Format Version 12.00
# Visual Studio 14
VisualStudioVersion = 14.0.25420.1
MinimumVisualStudioVersion = 10.0.40219.1
Project("{FAE04EC0-301F-11D3-BF4B-00C04F79EFBC}") = "Introduction", "Introduction\Introduction.csproj", "{9FC5D122-3D44-46BD-BFE1-6FFEF7A96A72}"
EndProject
Project("{FAE04EC0-301F-11D3-BF4B-00C04F79EFBC}") = "Features", "Features\Features.csproj", "{7D3DBA9E-512F-42A1-868C-BDA1A27335F4}"
EndProject
Project("{FAE04EC0-301F-11D3-BF4B-00C04F79EFBC}") = "Queries", "Queries\Queries.csproj", "{681FEB01-1362-4407-AB51-717434E2B114}"
EndProject
Global
	GlobalSection(SolutionConfigurationPlatforms) = preSolution
		Debug|Any CPU = Debug|Any CPU
		Release|Any CPU = Release|Any CPU
	EndGlobalSection
	GlobalSection(ProjectConfigurationPlatforms) = postSolution
		{9FC5D122-3D44-46BD-BFE1-6FFEF7A96A72}.Debug|Any CPU.ActiveCfg = Debug|Any CPU
		{9FC5D122-3D44-46BD-BFE1-6FFEF7A96A72}.Debug|Any CPU.Build.0 = Debug|Any CPU
		{9FC5D122-3D44-46BD-BFE1-6FFEF7A96A72}.Release|Any CPU.ActiveCfg = Release|Any CPU
		{9FC5D122-3D44-46BD-BFE1-6FFEF7A96A72}.Release|Any CPU.Build.0 = Release|Any CPU
		{7D3DBA9E-512F-42A1-868C-BDA1A27335F4}.Debug|Any CPU.ActiveCfg = Debug|Any CPU
		{7D3DBA9E-512F-42A1-868C-BDA1A27335F4}.Debug|Any CPU.Build.0 = Debug|Any CPU
		{7D3DBA9E-512F-42A1-868C-BDA1A27335F4}.Release|Any CPU.ActiveCfg = Release|Any CPU
		{7D3DBA9E-512F-42A1-868C-BDA1A27335F4}.Release|Any CPU.Build.0 = Release|Any CPU
		{681FEB01-1362-4407-AB51-717434E2B114}.Debug|Any CPU.ActiveCfg = Debug|Any CPU
		{681FEB01-1362-4407-AB51-717434E2B114}.Debug|Any CPU.Build.0 = Debug|Any CPU
		{681FEB01-1362-4407-AB51-717434E2B114}.Release|Any CPU.ActiveCfg = Release|Any CPU
		{681FEB01-1362-4407-AB51-717434E2B114}.Release|Any CPU.Build.0 = Release|Any CPU
	EndGlobalSection
	GlobalSection(SolutionProperties) = preSolution
		HideSolutionNode = FALSE
	EndGlobalSection
EndGlobal
