
Microsoft Visual Studio Solution File, Format Version 12.00
# Visual Studio 14
VisualStudioVersion = 14.0.23107.0
MinimumVisualStudioVersion = 10.0.40219.1
Project("{FAE04EC0-301F-11D3-BF4B-00C04F79EFBC}") = "FreshFindsBlog.UI", "FreshFindsBlog.UI\FreshFindsBlog.UI.csproj", "{9BA967E2-87B0-4B38-8D51-8A692866261B}"
EndProject
Project("{FAE04EC0-301F-11D3-BF4B-00C04F79EFBC}") = "FreshFindsBlog.Data", "FreshFindsBlog.Data\FreshFindsBlog.Data.csproj", "{ED177295-0009-47E7-8EB0-0949BA979812}"
EndProject
Project("{FAE04EC0-301F-11D3-BF4B-00C04F79EFBC}") = "FreshFindsBlog.BLL", "FreshFindsBlog.BLL\FreshFindsBlog.BLL.csproj", "{272304F1-4680-49BD-B6C1-898317E76470}"
EndProject
Project("{FAE04EC0-301F-11D3-BF4B-00C04F79EFBC}") = "FreshFindsBlog.Models", "FreshFindsBlog.Models\FreshFindsBlog.Models.csproj", "{C1134203-199B-4D89-8050-3DD1260C5A25}"
EndProject
Project("{FAE04EC0-301F-11D3-BF4B-00C04F79EFBC}") = "FreshFindsBlog.Tests", "FreshFindsBlog.Tests\FreshFindsBlog.Tests.csproj", "{DD5434F5-AD95-4EC9-80B5-A13468559DA0}"
EndProject
Global
	GlobalSection(SolutionConfigurationPlatforms) = preSolution
		Debug|Any CPU = Debug|Any CPU
		Release|Any CPU = Release|Any CPU
	EndGlobalSection
	GlobalSection(ProjectConfigurationPlatforms) = postSolution
		{9BA967E2-87B0-4B38-8D51-8A692866261B}.Debug|Any CPU.ActiveCfg = Debug|Any CPU
		{9BA967E2-87B0-4B38-8D51-8A692866261B}.Debug|Any CPU.Build.0 = Debug|Any CPU
		{9BA967E2-87B0-4B38-8D51-8A692866261B}.Release|Any CPU.ActiveCfg = Release|Any CPU
		{9BA967E2-87B0-4B38-8D51-8A692866261B}.Release|Any CPU.Build.0 = Release|Any CPU
		{ED177295-0009-47E7-8EB0-0949BA979812}.Debug|Any CPU.ActiveCfg = Debug|Any CPU
		{ED177295-0009-47E7-8EB0-0949BA979812}.Debug|Any CPU.Build.0 = Debug|Any CPU
		{ED177295-0009-47E7-8EB0-0949BA979812}.Release|Any CPU.ActiveCfg = Release|Any CPU
		{ED177295-0009-47E7-8EB0-0949BA979812}.Release|Any CPU.Build.0 = Release|Any CPU
		{272304F1-4680-49BD-B6C1-898317E76470}.Debug|Any CPU.ActiveCfg = Debug|Any CPU
		{272304F1-4680-49BD-B6C1-898317E76470}.Debug|Any CPU.Build.0 = Debug|Any CPU
		{272304F1-4680-49BD-B6C1-898317E76470}.Release|Any CPU.ActiveCfg = Release|Any CPU
		{272304F1-4680-49BD-B6C1-898317E76470}.Release|Any CPU.Build.0 = Release|Any CPU
		{C1134203-199B-4D89-8050-3DD1260C5A25}.Debug|Any CPU.ActiveCfg = Debug|Any CPU
		{C1134203-199B-4D89-8050-3DD1260C5A25}.Debug|Any CPU.Build.0 = Debug|Any CPU
		{C1134203-199B-4D89-8050-3DD1260C5A25}.Release|Any CPU.ActiveCfg = Release|Any CPU
		{C1134203-199B-4D89-8050-3DD1260C5A25}.Release|Any CPU.Build.0 = Release|Any CPU
		{DD5434F5-AD95-4EC9-80B5-A13468559DA0}.Debug|Any CPU.ActiveCfg = Debug|Any CPU
		{DD5434F5-AD95-4EC9-80B5-A13468559DA0}.Debug|Any CPU.Build.0 = Debug|Any CPU
		{DD5434F5-AD95-4EC9-80B5-A13468559DA0}.Release|Any CPU.ActiveCfg = Release|Any CPU
		{DD5434F5-AD95-4EC9-80B5-A13468559DA0}.Release|Any CPU.Build.0 = Release|Any CPU
	EndGlobalSection
	GlobalSection(SolutionProperties) = preSolution
		HideSolutionNode = FALSE
	EndGlobalSection
EndGlobal
