
Microsoft Visual Studio Solution File, Format Version 12.00
# Visual Studio 2012
Project("{FAE04EC0-301F-11D3-BF4B-00C04F79EFBC}") = "SimpleCalculator", "SimpleCalculator\SimpleCalculator.csproj", "{586AE364-A971-473C-97B8-0F5B77E5E7C7}"
EndProject
Global
	GlobalSection(SolutionConfigurationPlatforms) = preSolution
		Debug|Any CPU = Debug|Any CPU
		Release|Any CPU = Release|Any CPU
	EndGlobalSection
	GlobalSection(ProjectConfigurationPlatforms) = postSolution
		{586AE364-A971-473C-97B8-0F5B77E5E7C7}.Debug|Any CPU.ActiveCfg = Debug|Any CPU
		{586AE364-A971-473C-97B8-0F5B77E5E7C7}.Debug|Any CPU.Build.0 = Debug|Any CPU
		{586AE364-A971-473C-97B8-0F5B77E5E7C7}.Release|Any CPU.ActiveCfg = Release|Any CPU
		{586AE364-A971-473C-97B8-0F5B77E5E7C7}.Release|Any CPU.Build.0 = Release|Any CPU
	EndGlobalSection
	GlobalSection(SolutionProperties) = preSolution
		HideSolutionNode = FALSE
	EndGlobalSection
EndGlobal
