
Microsoft Visual Studio Solution File, Format Version 12.00
# Visual Studio 2012
Project("{FAE04EC0-301F-11D3-BF4B-00C04F79EFBC}") = "RPGInventory", "RPGInventory\RPGInventory.csproj", "{2226E3D5-06AD-42F0-B289-44FBA5F842AB}"
EndProject
Global
	GlobalSection(SolutionConfigurationPlatforms) = preSolution
		Debug|Any CPU = Debug|Any CPU
		Release|Any CPU = Release|Any CPU
	EndGlobalSection
	GlobalSection(ProjectConfigurationPlatforms) = postSolution
		{2226E3D5-06AD-42F0-B289-44FBA5F842AB}.Debug|Any CPU.ActiveCfg = Debug|Any CPU
		{2226E3D5-06AD-42F0-B289-44FBA5F842AB}.Debug|Any CPU.Build.0 = Debug|Any CPU
		{2226E3D5-06AD-42F0-B289-44FBA5F842AB}.Release|Any CPU.ActiveCfg = Release|Any CPU
		{2226E3D5-06AD-42F0-B289-44FBA5F842AB}.Release|Any CPU.Build.0 = Release|Any CPU
	EndGlobalSection
	GlobalSection(SolutionProperties) = preSolution
		HideSolutionNode = FALSE
	EndGlobalSection
EndGlobal
